// !$*UTF8*$!
{
	archiveVersion = 1;
	classes = {
	};
	objectVersion = 46;
	objects = {

/* Begin PBXBuildFile section */
		D4A221BF19606B92000747C2 /* Foundation.framework in Frameworks */ = {isa = PBXBuildFile; fileRef = D4A221BE19606B92000747C2 /* Foundation.framework */; };
		D4A221C119606B92000747C2 /* CoreGraphics.framework in Frameworks */ = {isa = PBXBuildFile; fileRef = D4A221C019606B92000747C2 /* CoreGraphics.framework */; };
		D4A221C319606B92000747C2 /* UIKit.framework in Frameworks */ = {isa = PBXBuildFile; fileRef = D4A221C219606B92000747C2 /* UIKit.framework */; };
		D4A221C919606B92000747C2 /* InfoPlist.strings in Resources */ = {isa = PBXBuildFile; fileRef = D4A221C719606B92000747C2 /* InfoPlist.strings */; };
		D4A221CB19606B92000747C2 /* main.m in Sources */ = {isa = PBXBuildFile; fileRef = D4A221CA19606B92000747C2 /* main.m */; };
		D4A221CF19606B92000747C2 /* EWAppDelegate.m in Sources */ = {isa = PBXBuildFile; fileRef = D4A221CE19606B92000747C2 /* EWAppDelegate.m */; };
		D4A221D219606B92000747C2 /* Main.storyboard in Resources */ = {isa = PBXBuildFile; fileRef = D4A221D019606B92000747C2 /* Main.storyboard */; };
		D4A221D519606B92000747C2 /* EWViewController.m in Sources */ = {isa = PBXBuildFile; fileRef = D4A221D419606B92000747C2 /* EWViewController.m */; };
		D4A221D719606B93000747C2 /* Images.xcassets in Resources */ = {isa = PBXBuildFile; fileRef = D4A221D619606B93000747C2 /* Images.xcassets */; };
		D4A221DE19606B93000747C2 /* XCTest.framework in Frameworks */ = {isa = PBXBuildFile; fileRef = D4A221DD19606B93000747C2 /* XCTest.framework */; };
		D4A221DF19606B93000747C2 /* Foundation.framework in Frameworks */ = {isa = PBXBuildFile; fileRef = D4A221BE19606B92000747C2 /* Foundation.framework */; };
		D4A221E019606B93000747C2 /* UIKit.framework in Frameworks */ = {isa = PBXBuildFile; fileRef = D4A221C219606B92000747C2 /* UIKit.framework */; };
		D4A221E819606B93000747C2 /* InfoPlist.strings in Resources */ = {isa = PBXBuildFile; fileRef = D4A221E619606B93000747C2 /* InfoPlist.strings */; };
		D4A221EA19606B93000747C2 /* ElementumWeatherTests.m in Sources */ = {isa = PBXBuildFile; fileRef = D4A221E919606B93000747C2 /* ElementumWeatherTests.m */; };
/* End PBXBuildFile section */

/* Begin PBXContainerItemProxy section */
		D4A221E119606B93000747C2 /* PBXContainerItemProxy */ = {
			isa = PBXContainerItemProxy;
			containerPortal = D4A221B319606B92000747C2 /* Project object */;
			proxyType = 1;
			remoteGlobalIDString = D4A221BA19606B92000747C2;
			remoteInfo = ElementumWeather;
		};
/* End PBXContainerItemProxy section */

/* Begin PBXFileReference section */
		D4A221BB19606B92000747C2 /* ElementumWeather.app */ = {isa = PBXFileReference; explicitFileType = wrapper.application; includeInIndex = 0; path = ElementumWeather.app; sourceTree = BUILT_PRODUCTS_DIR; };
		D4A221BE19606B92000747C2 /* Foundation.framework */ = {isa = PBXFileReference; lastKnownFileType = wrapper.framework; name = Foundation.framework; path = System/Library/Frameworks/Foundation.framework; sourceTree = SDKROOT; };
		D4A221C019606B92000747C2 /* CoreGraphics.framework */ = {isa = PBXFileReference; lastKnownFileType = wrapper.framework; name = CoreGraphics.framework; path = System/Library/Frameworks/CoreGraphics.framework; sourceTree = SDKROOT; };
		D4A221C219606B92000747C2 /* UIKit.framework */ = {isa = PBXFileReference; lastKnownFileType = wrapper.framework; name = UIKit.framework; path = System/Library/Frameworks/UIKit.framework; sourceTree = SDKROOT; };
		D4A221C619606B92000747C2 /* ElementumWeather-Info.plist */ = {isa = PBXFileReference; lastKnownFileType = text.plist.xml; path = "ElementumWeather-Info.plist"; sourceTree = "<group>"; };
		D4A221C819606B92000747C2 /* en */ = {isa = PBXFileReference; lastKnownFileType = text.plist.strings; name = en; path = en.lproj/InfoPlist.strings; sourceTree = "<group>"; };
		D4A221CA19606B92000747C2 /* main.m */ = {isa = PBXFileReference; lastKnownFileType = sourcecode.c.objc; path = main.m; sourceTree = "<group>"; };
		D4A221CC19606B92000747C2 /* ElementumWeather-Prefix.pch */ = {isa = PBXFileReference; lastKnownFileType = sourcecode.c.h; path = "ElementumWeather-Prefix.pch"; sourceTree = "<group>"; };
		D4A221CD19606B92000747C2 /* EWAppDelegate.h */ = {isa = PBXFileReference; lastKnownFileType = sourcecode.c.h; path = EWAppDelegate.h; sourceTree = "<group>"; };
		D4A221CE19606B92000747C2 /* EWAppDelegate.m */ = {isa = PBXFileReference; lastKnownFileType = sourcecode.c.objc; path = EWAppDelegate.m; sourceTree = "<group>"; };
		D4A221D119606B92000747C2 /* Base */ = {isa = PBXFileReference; lastKnownFileType = file.storyboard; name = Base; path = Base.lproj/Main.storyboard; sourceTree = "<group>"; };
		D4A221D319606B92000747C2 /* EWViewController.h */ = {isa = PBXFileReference; lastKnownFileType = sourcecode.c.h; path = EWViewController.h; sourceTree = "<group>"; };
		D4A221D419606B92000747C2 /* EWViewController.m */ = {isa = PBXFileReference; lastKnownFileType = sourcecode.c.objc; path = EWViewController.m; sourceTree = "<group>"; };
		D4A221D619606B93000747C2 /* Images.xcassets */ = {isa = PBXFileReference; lastKnownFileType = folder.assetcatalog; path = Images.xcassets; sourceTree = "<group>"; };
		D4A221DC19606B93000747C2 /* ElementumWeatherTests.xctest */ = {isa = PBXFileReference; explicitFileType = wrapper.cfbundle; includeInIndex = 0; path = ElementumWeatherTests.xctest; sourceTree = BUILT_PRODUCTS_DIR; };
		D4A221DD19606B93000747C2 /* XCTest.framework */ = {isa = PBXFileReference; lastKnownFileType = wrapper.framework; name = XCTest.framework; path = Library/Frameworks/XCTest.framework; sourceTree = DEVELOPER_DIR; };
		D4A221E519606B93000747C2 /* ElementumWeatherTests-Info.plist */ = {isa = PBXFileReference; lastKnownFileType = text.plist.xml; path = "ElementumWeatherTests-Info.plist"; sourceTree = "<group>"; };
		D4A221E719606B93000747C2 /* en */ = {isa = PBXFileReference; lastKnownFileType = text.plist.strings; name = en; path = en.lproj/InfoPlist.strings; sourceTree = "<group>"; };
		D4A221E919606B93000747C2 /* ElementumWeatherTests.m */ = {isa = PBXFileReference; lastKnownFileType = sourcecode.c.objc; path = ElementumWeatherTests.m; sourceTree = "<group>"; };
/* End PBXFileReference section */

/* Begin PBXFrameworksBuildPhase section */
		D4A221B819606B92000747C2 /* Frameworks */ = {
			isa = PBXFrameworksBuildPhase;
			buildActionMask = 2147483647;
			files = (
				D4A221C119606B92000747C2 /* CoreGraphics.framework in Frameworks */,
				D4A221C319606B92000747C2 /* UIKit.framework in Frameworks */,
				D4A221BF19606B92000747C2 /* Foundation.framework in Frameworks */,
			);
			runOnlyForDeploymentPostprocessing = 0;
		};
		D4A221D919606B93000747C2 /* Frameworks */ = {
			isa = PBXFrameworksBuildPhase;
			buildActionMask = 2147483647;
			files = (
				D4A221DE19606B93000747C2 /* XCTest.framework in Frameworks */,
				D4A221E019606B93000747C2 /* UIKit.framework in Frameworks */,
				D4A221DF19606B93000747C2 /* Foundation.framework in Frameworks */,
			);
			runOnlyForDeploymentPostprocessing = 0;
		};
/* End PBXFrameworksBuildPhase section */

/* Begin PBXGroup section */
		D4A221B219606B92000747C2 = {
			isa = PBXGroup;
			children = (
				D4A221C419606B92000747C2 /* ElementumWeather */,
				D4A221E319606B93000747C2 /* ElementumWeatherTests */,
				D4A221BD19606B92000747C2 /* Frameworks */,
				D4A221BC19606B92000747C2 /* Products */,
			);
			sourceTree = "<group>";
		};
		D4A221BC19606B92000747C2 /* Products */ = {
			isa = PBXGroup;
			children = (
				D4A221BB19606B92000747C2 /* ElementumWeather.app */,
				D4A221DC19606B93000747C2 /* ElementumWeatherTests.xctest */,
			);
			name = Products;
			sourceTree = "<group>";
		};
		D4A221BD19606B92000747C2 /* Frameworks */ = {
			isa = PBXGroup;
			children = (
				D4A221BE19606B92000747C2 /* Foundation.framework */,
				D4A221C019606B92000747C2 /* CoreGraphics.framework */,
				D4A221C219606B92000747C2 /* UIKit.framework */,
				D4A221DD19606B93000747C2 /* XCTest.framework */,
			);
			name = Frameworks;
			sourceTree = "<group>";
		};
		D4A221C419606B92000747C2 /* ElementumWeather */ = {
			isa = PBXGroup;
			children = (
				D4A221CD19606B92000747C2 /* EWAppDelegate.h */,
				D4A221CE19606B92000747C2 /* EWAppDelegate.m */,
				D4A221D019606B92000747C2 /* Main.storyboard */,
				D4A221D319606B92000747C2 /* EWViewController.h */,
				D4A221D419606B92000747C2 /* EWViewController.m */,
				D4A221D619606B93000747C2 /* Images.xcassets */,
				D4A221C519606B92000747C2 /* Supporting Files */,
			);
			path = ElementumWeather;
			sourceTree = "<group>";
		};
		D4A221C519606B92000747C2 /* Supporting Files */ = {
			isa = PBXGroup;
			children = (
				D4A221C619606B92000747C2 /* ElementumWeather-Info.plist */,
				D4A221C719606B92000747C2 /* InfoPlist.strings */,
				D4A221CA19606B92000747C2 /* main.m */,
				D4A221CC19606B92000747C2 /* ElementumWeather-Prefix.pch */,
			);
			name = "Supporting Files";
			sourceTree = "<group>";
		};
		D4A221E319606B93000747C2 /* ElementumWeatherTests */ = {
			isa = PBXGroup;
			children = (
				D4A221E919606B93000747C2 /* ElementumWeatherTests.m */,
				D4A221E419606B93000747C2 /* Supporting Files */,
			);
			path = ElementumWeatherTests;
			sourceTree = "<group>";
		};
		D4A221E419606B93000747C2 /* Supporting Files */ = {
			isa = PBXGroup;
			children = (
				D4A221E519606B93000747C2 /* ElementumWeatherTests-Info.plist */,
				D4A221E619606B93000747C2 /* InfoPlist.strings */,
			);
			name = "Supporting Files";
			sourceTree = "<group>";
		};
/* End PBXGroup section */

/* Begin PBXNativeTarget section */
		D4A221BA19606B92000747C2 /* ElementumWeather */ = {
			isa = PBXNativeTarget;
			buildConfigurationList = D4A221ED19606B93000747C2 /* Build configuration list for PBXNativeTarget "ElementumWeather" */;
			buildPhases = (
				D4A221B719606B92000747C2 /* Sources */,
				D4A221B819606B92000747C2 /* Frameworks */,
				D4A221B919606B92000747C2 /* Resources */,
			);
			buildRules = (
			);
			dependencies = (
			);
			name = ElementumWeather;
			productName = ElementumWeather;
			productReference = D4A221BB19606B92000747C2 /* ElementumWeather.app */;
			productType = "com.apple.product-type.application";
		};
		D4A221DB19606B93000747C2 /* ElementumWeatherTests */ = {
			isa = PBXNativeTarget;
			buildConfigurationList = D4A221F019606B93000747C2 /* Build configuration list for PBXNativeTarget "ElementumWeatherTests" */;
			buildPhases = (
				D4A221D819606B93000747C2 /* Sources */,
				D4A221D919606B93000747C2 /* Frameworks */,
				D4A221DA19606B93000747C2 /* Resources */,
			);
			buildRules = (
			);
			dependencies = (
				D4A221E219606B93000747C2 /* PBXTargetDependency */,
			);
			name = ElementumWeatherTests;
			productName = ElementumWeatherTests;
			productReference = D4A221DC19606B93000747C2 /* ElementumWeatherTests.xctest */;
			productType = "com.apple.product-type.bundle.unit-test";
		};
/* End PBXNativeTarget section */

/* Begin PBXProject section */
		D4A221B319606B92000747C2 /* Project object */ = {
			isa = PBXProject;
			attributes = {
				CLASSPREFIX = EW;
				LastUpgradeCheck = 0510;
				ORGANIZATIONNAME = MikeSalkin;
				TargetAttributes = {
					D4A221DB19606B93000747C2 = {
						TestTargetID = D4A221BA19606B92000747C2;
					};
				};
			};
			buildConfigurationList = D4A221B619606B92000747C2 /* Build configuration list for PBXProject "ElementumWeather" */;
			compatibilityVersion = "Xcode 3.2";
			developmentRegion = English;
			hasScannedForEncodings = 0;
			knownRegions = (
				en,
				Base,
			);
			mainGroup = D4A221B219606B92000747C2;
			productRefGroup = D4A221BC19606B92000747C2 /* Products */;
			projectDirPath = "";
			projectRoot = "";
			targets = (
				D4A221BA19606B92000747C2 /* ElementumWeather */,
				D4A221DB19606B93000747C2 /* ElementumWeatherTests */,
			);
		};
/* End PBXProject section */

/* Begin PBXResourcesBuildPhase section */
		D4A221B919606B92000747C2 /* Resources */ = {
			isa = PBXResourcesBuildPhase;
			buildActionMask = 2147483647;
			files = (
				D4A221D719606B93000747C2 /* Images.xcassets in Resources */,
				D4A221C919606B92000747C2 /* InfoPlist.strings in Resources */,
				D4A221D219606B92000747C2 /* Main.storyboard in Resources */,
			);
			runOnlyForDeploymentPostprocessing = 0;
		};
		D4A221DA19606B93000747C2 /* Resources */ = {
			isa = PBXResourcesBuildPhase;
			buildActionMask = 2147483647;
			files = (
				D4A221E819606B93000747C2 /* InfoPlist.strings in Resources */,
			);
			runOnlyForDeploymentPostprocessing = 0;
		};
/* End PBXResourcesBuildPhase section */

/* Begin PBXSourcesBuildPhase section */
		D4A221B719606B92000747C2 /* Sources */ = {
			isa = PBXSourcesBuildPhase;
			buildActionMask = 2147483647;
			files = (
				D4A221D519606B92000747C2 /* EWViewController.m in Sources */,
				D4A221CF19606B92000747C2 /* EWAppDelegate.m in Sources */,
				D4A221CB19606B92000747C2 /* main.m in Sources */,
			);
			runOnlyForDeploymentPostprocessing = 0;
		};
		D4A221D819606B93000747C2 /* Sources */ = {
			isa = PBXSourcesBuildPhase;
			buildActionMask = 2147483647;
			files = (
				D4A221EA19606B93000747C2 /* ElementumWeatherTests.m in Sources */,
			);
			runOnlyForDeploymentPostprocessing = 0;
		};
/* End PBXSourcesBuildPhase section */

/* Begin PBXTargetDependency section */
		D4A221E219606B93000747C2 /* PBXTargetDependency */ = {
			isa = PBXTargetDependency;
			target = D4A221BA19606B92000747C2 /* ElementumWeather */;
			targetProxy = D4A221E119606B93000747C2 /* PBXContainerItemProxy */;
		};
/* End PBXTargetDependency section */

/* Begin PBXVariantGroup section */
		D4A221C719606B92000747C2 /* InfoPlist.strings */ = {
			isa = PBXVariantGroup;
			children = (
				D4A221C819606B92000747C2 /* en */,
			);
			name = InfoPlist.strings;
			sourceTree = "<group>";
		};
		D4A221D019606B92000747C2 /* Main.storyboard */ = {
			isa = PBXVariantGroup;
			children = (
				D4A221D119606B92000747C2 /* Base */,
			);
			name = Main.storyboard;
			sourceTree = "<group>";
		};
		D4A221E619606B93000747C2 /* InfoPlist.strings */ = {
			isa = PBXVariantGroup;
			children = (
				D4A221E719606B93000747C2 /* en */,
			);
			name = InfoPlist.strings;
			sourceTree = "<group>";
		};
/* End PBXVariantGroup section */

/* Begin XCBuildConfiguration section */
		D4A221EB19606B93000747C2 /* Debug */ = {
			isa = XCBuildConfiguration;
			buildSettings = {
				ALWAYS_SEARCH_USER_PATHS = NO;
				CLANG_CXX_LANGUAGE_STANDARD = "gnu++0x";
				CLANG_CXX_LIBRARY = "libc++";
				CLANG_ENABLE_MODULES = YES;
				CLANG_ENABLE_OBJC_ARC = YES;
				CLANG_WARN_BOOL_CONVERSION = YES;
				CLANG_WARN_CONSTANT_CONVERSION = YES;
				CLANG_WARN_DIRECT_OBJC_ISA_USAGE = YES_ERROR;
				CLANG_WARN_EMPTY_BODY = YES;
				CLANG_WARN_ENUM_CONVERSION = YES;
				CLANG_WARN_INT_CONVERSION = YES;
				CLANG_WARN_OBJC_ROOT_CLASS = YES_ERROR;
				CLANG_WARN__DUPLICATE_METHOD_MATCH = YES;
				"CODE_SIGN_IDENTITY[sdk=iphoneos*]" = "iPhone Developer";
				COPY_PHASE_STRIP = NO;
				GCC_C_LANGUAGE_STANDARD = gnu99;
				GCC_DYNAMIC_NO_PIC = NO;
				GCC_OPTIMIZATION_LEVEL = 0;
				GCC_PREPROCESSOR_DEFINITIONS = (
					"DEBUG=1",
					"$(inherited)",
				);
				GCC_SYMBOLS_PRIVATE_EXTERN = NO;
				GCC_WARN_64_TO_32_BIT_CONVERSION = YES;
				GCC_WARN_ABOUT_RETURN_TYPE = YES_ERROR;
				GCC_WARN_UNDECLARED_SELECTOR = YES;
				GCC_WARN_UNINITIALIZED_AUTOS = YES_AGGRESSIVE;
				GCC_WARN_UNUSED_FUNCTION = YES;
				GCC_WARN_UNUSED_VARIABLE = YES;
				IPHONEOS_DEPLOYMENT_TARGET = 7.1;
				ONLY_ACTIVE_ARCH = YES;
				SDKROOT = iphoneos;
			};
			name = Debug;
		};
		D4A221EC19606B93000747C2 /* Release */ = {
			isa = XCBuildConfiguration;
			buildSettings = {
				ALWAYS_SEARCH_USER_PATHS = NO;
				CLANG_CXX_LANGUAGE_STANDARD = "gnu++0x";
				CLANG_CXX_LIBRARY = "libc++";
				CLANG_ENABLE_MODULES = YES;
				CLANG_ENABLE_OBJC_ARC = YES;
				CLANG_WARN_BOOL_CONVERSION = YES;
				CLANG_WARN_CONSTANT_CONVERSION = YES;
				CLANG_WARN_DIRECT_OBJC_ISA_USAGE = YES_ERROR;
				CLANG_WARN_EMPTY_BODY = YES;
				CLANG_WARN_ENUM_CONVERSION = YES;
				CLANG_WARN_INT_CONVERSION = YES;
				CLANG_WARN_OBJC_ROOT_CLASS = YES_ERROR;
				CLANG_WARN__DUPLICATE_METHOD_MATCH = YES;
				"CODE_SIGN_IDENTITY[sdk=iphoneos*]" = "iPhone Developer";
				COPY_PHASE_STRIP = YES;
				ENABLE_NS_ASSERTIONS = NO;
				GCC_C_LANGUAGE_STANDARD = gnu99;
				GCC_WARN_64_TO_32_BIT_CONVERSION = YES;
				GCC_WARN_ABOUT_RETURN_TYPE = YES_ERROR;
				GCC_WARN_UNDECLARED_SELECTOR = YES;
				GCC_WARN_UNINITIALIZED_AUTOS = YES_AGGRESSIVE;
				GCC_WARN_UNUSED_FUNCTION = YES;
				GCC_WARN_UNUSED_VARIABLE = YES;
				IPHONEOS_DEPLOYMENT_TARGET = 7.1;
				SDKROOT = iphoneos;
				VALIDATE_PRODUCT = YES;
			};
			name = Release;
		};
		D4A221EE19606B93000747C2 /* Debug */ = {
			isa = XCBuildConfiguration;
			buildSettings = {
				ASSETCATALOG_COMPILER_APPICON_NAME = AppIcon;
				ASSETCATALOG_COMPILER_LAUNCHIMAGE_NAME = LaunchImage;
				GCC_PRECOMPILE_PREFIX_HEADER = YES;
				GCC_PREFIX_HEADER = "ElementumWeather/ElementumWeather-Prefix.pch";
				INFOPLIST_FILE = "ElementumWeather/ElementumWeather-Info.plist";
				PRODUCT_NAME = "$(TARGET_NAME)";
				WRAPPER_EXTENSION = app;
			};
			name = Debug;
		};
		D4A221EF19606B93000747C2 /* Release */ = {
			isa = XCBuildConfiguration;
			buildSettings = {
				ASSETCATALOG_COMPILER_APPICON_NAME = AppIcon;
				ASSETCATALOG_COMPILER_LAUNCHIMAGE_NAME = LaunchImage;
				GCC_PRECOMPILE_PREFIX_HEADER = YES;
				GCC_PREFIX_HEADER = "ElementumWeather/ElementumWeather-Prefix.pch";
				INFOPLIST_FILE = "ElementumWeather/ElementumWeather-Info.plist";
				PRODUCT_NAME = "$(TARGET_NAME)";
				WRAPPER_EXTENSION = app;
			};
			name = Release;
		};
		D4A221F119606B93000747C2 /* Debug */ = {
			isa = XCBuildConfiguration;
			buildSettings = {
				BUNDLE_LOADER = "$(BUILT_PRODUCTS_DIR)/ElementumWeather.app/ElementumWeather";
				FRAMEWORK_SEARCH_PATHS = (
					"$(SDKROOT)/Developer/Library/Frameworks",
					"$(inherited)",
					"$(DEVELOPER_FRAMEWORKS_DIR)",
				);
				GCC_PRECOMPILE_PREFIX_HEADER = YES;
				GCC_PREFIX_HEADER = "ElementumWeather/ElementumWeather-Prefix.pch";
				GCC_PREPROCESSOR_DEFINITIONS = (
					"DEBUG=1",
					"$(inherited)",
				);
				INFOPLIST_FILE = "ElementumWeatherTests/ElementumWeatherTests-Info.plist";
				PRODUCT_NAME = "$(TARGET_NAME)";
				TEST_HOST = "$(BUNDLE_LOADER)";
				WRAPPER_EXTENSION = xctest;
			};
			name = Debug;
		};
		D4A221F219606B93000747C2 /* Release */ = {
			isa = XCBuildConfiguration;
			buildSettings = {
				BUNDLE_LOADER = "$(BUILT_PRODUCTS_DIR)/ElementumWeather.app/ElementumWeather";
				FRAMEWORK_SEARCH_PATHS = (
					"$(SDKROOT)/Developer/Library/Frameworks",
					"$(inherited)",
					"$(DEVELOPER_FRAMEWORKS_DIR)",
				);
				GCC_PRECOMPILE_PREFIX_HEADER = YES;
				GCC_PREFIX_HEADER = "ElementumWeather/ElementumWeather-Prefix.pch";
				INFOPLIST_FILE = "ElementumWeatherTests/ElementumWeatherTests-Info.plist";
				PRODUCT_NAME = "$(TARGET_NAME)";
				TEST_HOST = "$(BUNDLE_LOADER)";
				WRAPPER_EXTENSION = xctest;
			};
			name = Release;
		};
/* End XCBuildConfiguration section */

/* Begin XCConfigurationList section */
		D4A221B619606B92000747C2 /* Build configuration list for PBXProject "ElementumWeather" */ = {
			isa = XCConfigurationList;
			buildConfigurations = (
				D4A221EB19606B93000747C2 /* Debug */,
				D4A221EC19606B93000747C2 /* Release */,
			);
			defaultConfigurationIsVisible = 0;
			defaultConfigurationName = Release;
		};
		D4A221ED19606B93000747C2 /* Build configuration list for PBXNativeTarget "ElementumWeather" */ = {
			isa = XCConfigurationList;
			buildConfigurations = (
				D4A221EE19606B93000747C2 /* Debug */,
				D4A221EF19606B93000747C2 /* Release */,
			);
			defaultConfigurationIsVisible = 0;
		};
		D4A221F019606B93000747C2 /* Build configuration list for PBXNativeTarget "ElementumWeatherTests" */ = {
			isa = XCConfigurationList;
			buildConfigurations = (
				D4A221F119606B93000747C2 /* Debug */,
				D4A221F219606B93000747C2 /* Release */,
			);
			defaultConfigurationIsVisible = 0;
		};
/* End XCConfigurationList section */
	};
	rootObject = D4A221B319606B92000747C2 /* Project object */;
}
